
Microsoft Visual Studio Solution File, Format Version 12.00
# Visual Studio Version 17
VisualStudioVersion = 17.2.32616.157
MinimumVisualStudioVersion = 10.0.40219.1
Project("{FAE04EC0-301F-11D3-BF4B-00C04F79EFBC}") = "MarioBros", "MarioBros\MarioBros.csproj", "{09B365F1-D4BD-486E-9DAD-8C644A8ABEF5}"
EndProject
Global
	GlobalSection(SolutionConfigurationPlatforms) = preSolution
		Debug|Any CPU = Debug|Any CPU
		Release|Any CPU = Release|Any CPU
	EndGlobalSection
	GlobalSection(ProjectConfigurationPlatforms) = postSolution
		{09B365F1-D4BD-486E-9DAD-8C644A8ABEF5}.Debug|Any CPU.ActiveCfg = Debug|Any CPU
		{09B365F1-D4BD-486E-9DAD-8C644A8ABEF5}.Debug|Any CPU.Build.0 = Debug|Any CPU
		{09B365F1-D4BD-486E-9DAD-8C644A8ABEF5}.Release|Any CPU.ActiveCfg = Release|Any CPU
		{09B365F1-D4BD-486E-9DAD-8C644A8ABEF5}.Release|Any CPU.Build.0 = Release|Any CPU
	EndGlobalSection
	GlobalSection(SolutionProperties) = preSolution
		HideSolutionNode = FALSE
	EndGlobalSection
	GlobalSection(ExtensibilityGlobals) = postSolution
		SolutionGuid = {128D13C5-B7E8-4DF1-83F2-E0C0746AAD53}
	EndGlobalSection
EndGlobal
